// !$*UTF8*$!
{
	archiveVersion = 1;
	classes = {
	};
	objectVersion = 50;
	objects = {

/* Begin PBXBuildFile section */
		1C3D04952331C673004E613B /* AppDelegate.swift in Sources */ = {isa = PBXBuildFile; fileRef = 1C3D04942331C673004E613B /* AppDelegate.swift */; };
		1C3D04972331C673004E613B /* ViewController.swift in Sources */ = {isa = PBXBuildFile; fileRef = 1C3D04962331C673004E613B /* ViewController.swift */; };
		1C3D049A2331C673004E613B /* Main.storyboard in Resources */ = {isa = PBXBuildFile; fileRef = 1C3D04982331C673004E613B /* Main.storyboard */; };
		1C3D049C2331C675004E613B /* Assets.xcassets in Resources */ = {isa = PBXBuildFile; fileRef = 1C3D049B2331C675004E613B /* Assets.xcassets */; };
		1C3D049F2331C675004E613B /* LaunchScreen.storyboard in Resources */ = {isa = PBXBuildFile; fileRef = 1C3D049D2331C675004E613B /* LaunchScreen.storyboard */; };
		1C743B0A234D128E00DC4F2C /* Paint.swift in Sources */ = {isa = PBXBuildFile; fileRef = 1C743B09234D128E00DC4F2C /* Paint.swift */; };
/* End PBXBuildFile section */

/* Begin PBXFileReference section */
		1C3D04912331C673004E613B /* Paint.app */ = {isa = PBXFileReference; explicitFileType = wrapper.application; includeInIndex = 0; path = Paint.app; sourceTree = BUILT_PRODUCTS_DIR; };
		1C3D04942331C673004E613B /* AppDelegate.swift */ = {isa = PBXFileReference; lastKnownFileType = sourcecode.swift; path = AppDelegate.swift; sourceTree = "<group>"; };
		1C3D04962331C673004E613B /* ViewController.swift */ = {isa = PBXFileReference; lastKnownFileType = sourcecode.swift; path = ViewController.swift; sourceTree = "<group>"; };
		1C3D04992331C673004E613B /* Base */ = {isa = PBXFileReference; lastKnownFileType = file.storyboard; name = Base; path = Base.lproj/Main.storyboard; sourceTree = "<group>"; };
		1C3D049B2331C675004E613B /* Assets.xcassets */ = {isa = PBXFileReference; lastKnownFileType = folder.assetcatalog; path = Assets.xcassets; sourceTree = "<group>"; };
		1C3D049E2331C675004E613B /* Base */ = {isa = PBXFileReference; lastKnownFileType = file.storyboard; name = Base; path = Base.lproj/LaunchScreen.storyboard; sourceTree = "<group>"; };
		1C3D04A02331C675004E613B /* Info.plist */ = {isa = PBXFileReference; lastKnownFileType = text.plist.xml; path = Info.plist; sourceTree = "<group>"; };
		1C743B09234D128E00DC4F2C /* Paint.swift */ = {isa = PBXFileReference; lastKnownFileType = sourcecode.swift; path = Paint.swift; sourceTree = "<group>"; };
/* End PBXFileReference section */

/* Begin PBXFrameworksBuildPhase section */
		1C3D048E2331C673004E613B /* Frameworks */ = {
			isa = PBXFrameworksBuildPhase;
			buildActionMask = 2147483647;
			files = (
			);
			runOnlyForDeploymentPostprocessing = 0;
		};
/* End PBXFrameworksBuildPhase section */

/* Begin PBXGroup section */
		1C3D04882331C673004E613B = {
			isa = PBXGroup;
			children = (
				1C3D04932331C673004E613B /* Paint */,
				1C3D04922331C673004E613B /* Products */,
			);
			sourceTree = "<group>";
		};
		1C3D04922331C673004E613B /* Products */ = {
			isa = PBXGroup;
			children = (
				1C3D04912331C673004E613B /* Paint.app */,
			);
			name = Products;
			sourceTree = "<group>";
		};
		1C3D04932331C673004E613B /* Paint */ = {
			isa = PBXGroup;
			children = (
				1C3D04942331C673004E613B /* AppDelegate.swift */,
				1C3D04962331C673004E613B /* ViewController.swift */,
				1C3D04982331C673004E613B /* Main.storyboard */,
				1C3D049B2331C675004E613B /* Assets.xcassets */,
				1C3D049D2331C675004E613B /* LaunchScreen.storyboard */,
				1C3D04A02331C675004E613B /* Info.plist */,
				1C743B09234D128E00DC4F2C /* Paint.swift */,
			);
			path = Paint;
			sourceTree = "<group>";
		};
/* End PBXGroup section */

/* Begin PBXNativeTarget section */
		1C3D04902331C673004E613B /* Paint */ = {
			isa = PBXNativeTarget;
			buildConfigurationList = 1C3D04A32331C675004E613B /* Build configuration list for PBXNativeTarget "Paint" */;
			buildPhases = (
				1C3D048D2331C673004E613B /* Sources */,
				1C3D048E2331C673004E613B /* Frameworks */,
				1C3D048F2331C673004E613B /* Resources */,
			);
			buildRules = (
			);
			dependencies = (
			);
			name = Paint;
			productName = Paint;
			productReference = 1C3D04912331C673004E613B /* Paint.app */;
			productType = "com.apple.product-type.application";
		};
/* End PBXNativeTarget section */

/* Begin PBXProject section */
		1C3D04892331C673004E613B /* Project object */ = {
			isa = PBXProject;
			attributes = {
				LastSwiftUpdateCheck = 1010;
				LastUpgradeCheck = 1010;
				ORGANIZATIONNAME = "Julio Barrera";
				TargetAttributes = {
					1C3D04902331C673004E613B = {
						CreatedOnToolsVersion = 10.1;
					};
				};
			};
			buildConfigurationList = 1C3D048C2331C673004E613B /* Build configuration list for PBXProject "Paint" */;
			compatibilityVersion = "Xcode 9.3";
			developmentRegion = en;
			hasScannedForEncodings = 0;
			knownRegions = (
				en,
				Base,
			);
			mainGroup = 1C3D04882331C673004E613B;
			productRefGroup = 1C3D04922331C673004E613B /* Products */;
			projectDirPath = "";
			projectRoot = "";
			targets = (
				1C3D04902331C673004E613B /* Paint */,
			);
		};
/* End PBXProject section */

/* Begin PBXResourcesBuildPhase section */
		1C3D048F2331C673004E613B /* Resources */ = {
			isa = PBXResourcesBuildPhase;
			buildActionMask = 2147483647;
			files = (
				1C3D049F2331C675004E613B /* LaunchScreen.storyboard in Resources */,
				1C3D049C2331C675004E613B /* Assets.xcassets in Resources */,
				1C3D049A2331C673004E613B /* Main.storyboard in Resources */,
			);
			runOnlyForDeploymentPostprocessing = 0;
		};
/* End PBXResourcesBuildPhase section */

/* Begin PBXSourcesBuildPhase section */
		1C3D048D2331C673004E613B /* Sources */ = {
			isa = PBXSourcesBuildPhase;
			buildActionMask = 2147483647;
			files = (
				1C3D04972331C673004E613B /* ViewController.swift in Sources */,
				1C3D04952331C673004E613B /* AppDelegate.swift in Sources */,
				1C743B0A234D128E00DC4F2C /* Paint.swift in Sources */,
			);
			runOnlyForDeploymentPostprocessing = 0;
		};
/* End PBXSourcesBuildPhase section */

/* Begin PBXVariantGroup section */
		1C3D04982331C673004E613B /* Main.storyboard */ = {
			isa = PBXVariantGroup;
			children = (
				1C3D04992331C673004E613B /* Base */,
			);
			name = Main.storyboard;
			sourceTree = "<group>";
		};
		1C3D049D2331C675004E613B /* LaunchScreen.storyboard */ = {
			isa = PBXVariantGroup;
			children = (
				1C3D049E2331C675004E613B /* Base */,
			);
			name = LaunchScreen.storyboard;
			sourceTree = "<group>";
		};
/* End PBXVariantGroup section */

/* Begin XCBuildConfiguration section */
		1C3D04A12331C675004E613B /* Debug */ = {
			isa = XCBuildConfiguration;
			buildSettings = {
				ALWAYS_SEARCH_USER_PATHS = NO;
				CLANG_ANALYZER_NONNULL = YES;
				CLANG_ANALYZER_NUMBER_OBJECT_CONVERSION = YES_AGGRESSIVE;
				CLANG_CXX_LANGUAGE_STANDARD = "gnu++14";
				CLANG_CXX_LIBRARY = "libc++";
				CLANG_ENABLE_MODULES = YES;
				CLANG_ENABLE_OBJC_ARC = YES;
				CLANG_ENABLE_OBJC_WEAK = YES;
				CLANG_WARN_BLOCK_CAPTURE_AUTORELEASING = YES;
				CLANG_WARN_BOOL_CONVERSION = YES;
				CLANG_WARN_COMMA = YES;
				CLANG_WARN_CONSTANT_CONVERSION = YES;
				CLANG_WARN_DEPRECATED_OBJC_IMPLEMENTATIONS = YES;
				CLANG_WARN_DIRECT_OBJC_ISA_USAGE = YES_ERROR;
				CLANG_WARN_DOCUMENTATION_COMMENTS = YES;
				CLANG_WARN_EMPTY_BODY = YES;
				CLANG_WARN_ENUM_CONVERSION = YES;
				CLANG_WARN_INFINITE_RECURSION = YES;
				CLANG_WARN_INT_CONVERSION = YES;
				CLANG_WARN_NON_LITERAL_NULL_CONVERSION = YES;
				CLANG_WARN_OBJC_IMPLICIT_RETAIN_SELF = YES;
				CLANG_WARN_OBJC_LITERAL_CONVERSION = YES;
				CLANG_WARN_OBJC_ROOT_CLASS = YES_ERROR;
				CLANG_WARN_RANGE_LOOP_ANALYSIS = YES;
				CLANG_WARN_STRICT_PROTOTYPES = YES;
				CLANG_WARN_SUSPICIOUS_MOVE = YES;
				CLANG_WARN_UNGUARDED_AVAILABILITY = YES_AGGRESSIVE;
				CLANG_WARN_UNREACHABLE_CODE = YES;
				CLANG_WARN__DUPLICATE_METHOD_MATCH = YES;
				CODE_SIGN_IDENTITY = "iPhone Developer";
				COPY_PHASE_STRIP = NO;
				DEBUG_INFORMATION_FORMAT = dwarf;
				ENABLE_STRICT_OBJC_MSGSEND = YES;
				ENABLE_TESTABILITY = YES;
				GCC_C_LANGUAGE_STANDARD = gnu11;
				GCC_DYNAMIC_NO_PIC = NO;
				GCC_NO_COMMON_BLOCKS = YES;
				GCC_OPTIMIZATION_LEVEL = 0;
				GCC_PREPROCESSOR_DEFINITIONS = (
					"DEBUG=1",
					"$(inherited)",
				);
				GCC_WARN_64_TO_32_BIT_CONVERSION = YES;
				GCC_WARN_ABOUT_RETURN_TYPE = YES_ERROR;
				GCC_WARN_UNDECLARED_SELECTOR = YES;
				GCC_WARN_UNINITIALIZED_AUTOS = YES_AGGRESSIVE;
				GCC_WARN_UNUSED_FUNCTION = YES;
				GCC_WARN_UNUSED_VARIABLE = YES;
				IPHONEOS_DEPLOYMENT_TARGET = 12.1;
				MTL_ENABLE_DEBUG_INFO = INCLUDE_SOURCE;
				MTL_FAST_MATH = YES;
				ONLY_ACTIVE_ARCH = YES;
				SDKROOT = iphoneos;
				SWIFT_ACTIVE_COMPILATION_CONDITIONS = DEBUG;
				SWIFT_OPTIMIZATION_LEVEL = "-Onone";
			};
			name = Debug;
		};
		1C3D04A22331C675004E613B /* Release */ = {
			isa = XCBuildConfiguration;
			buildSettings = {
				ALWAYS_SEARCH_USER_PATHS = NO;
				CLANG_ANALYZER_NONNULL = YES;
				CLANG_ANALYZER_NUMBER_OBJECT_CONVERSION = YES_AGGRESSIVE;
				CLANG_CXX_LANGUAGE_STANDARD = "gnu++14";
				CLANG_CXX_LIBRARY = "libc++";
				CLANG_ENABLE_MODULES = YES;
				CLANG_ENABLE_OBJC_ARC = YES;
				CLANG_ENABLE_OBJC_WEAK = YES;
				CLANG_WARN_BLOCK_CAPTURE_AUTORELEASING = YES;
				CLANG_WARN_BOOL_CONVERSION = YES;
				CLANG_WARN_COMMA = YES;
				CLANG_WARN_CONSTANT_CONVERSION = YES;
				CLANG_WARN_DEPRECATED_OBJC_IMPLEMENTATIONS = YES;
				CLANG_WARN_DIRECT_OBJC_ISA_USAGE = YES_ERROR;
				CLANG_WARN_DOCUMENTATION_COMMENTS = YES;
				CLANG_WARN_EMPTY_BODY = YES;
				CLANG_WARN_ENUM_CONVERSION = YES;
				CLANG_WARN_INFINITE_RECURSION = YES;
				CLANG_WARN_INT_CONVERSION = YES;
				CLANG_WARN_NON_LITERAL_NULL_CONVERSION = YES;
				CLANG_WARN_OBJC_IMPLICIT_RETAIN_SELF = YES;
				CLANG_WARN_OBJC_LITERAL_CONVERSION = YES;
				CLANG_WARN_OBJC_ROOT_CLASS = YES_ERROR;
				CLANG_WARN_RANGE_LOOP_ANALYSIS = YES;
				CLANG_WARN_STRICT_PROTOTYPES = YES;
				CLANG_WARN_SUSPICIOUS_MOVE = YES;
				CLANG_WARN_UNGUARDED_AVAILABILITY = YES_AGGRESSIVE;
				CLANG_WARN_UNREACHABLE_CODE = YES;
				CLANG_WARN__DUPLICATE_METHOD_MATCH = YES;
				CODE_SIGN_IDENTITY = "iPhone Developer";
				COPY_PHASE_STRIP = NO;
				DEBUG_INFORMATION_FORMAT = "dwarf-with-dsym";
				ENABLE_NS_ASSERTIONS = NO;
				ENABLE_STRICT_OBJC_MSGSEND = YES;
				GCC_C_LANGUAGE_STANDARD = gnu11;
				GCC_NO_COMMON_BLOCKS = YES;
				GCC_WARN_64_TO_32_BIT_CONVERSION = YES;
				GCC_WARN_ABOUT_RETURN_TYPE = YES_ERROR;
				GCC_WARN_UNDECLARED_SELECTOR = YES;
				GCC_WARN_UNINITIALIZED_AUTOS = YES_AGGRESSIVE;
				GCC_WARN_UNUSED_FUNCTION = YES;
				GCC_WARN_UNUSED_VARIABLE = YES;
				IPHONEOS_DEPLOYMENT_TARGET = 12.1;
				MTL_ENABLE_DEBUG_INFO = NO;
				MTL_FAST_MATH = YES;
				SDKROOT = iphoneos;
				SWIFT_COMPILATION_MODE = wholemodule;
				SWIFT_OPTIMIZATION_LEVEL = "-O";
				VALIDATE_PRODUCT = YES;
			};
			name = Release;
		};
		1C3D04A42331C675004E613B /* Debug */ = {
			isa = XCBuildConfiguration;
			buildSettings = {
				ASSETCATALOG_COMPILER_APPICON_NAME = AppIcon;
				CODE_SIGN_STYLE = Automatic;
				DEVELOPMENT_TEAM = 6F59W2YVJC;
				INFOPLIST_FILE = Paint/Info.plist;
				LD_RUNPATH_SEARCH_PATHS = (
					"$(inherited)",
					"@executable_path/Frameworks",
				);
				PRODUCT_BUNDLE_IDENTIFIER = dev.juliobarrera.Paint;
				PRODUCT_NAME = "$(TARGET_NAME)";
				SWIFT_VERSION = 4.2;
				TARGETED_DEVICE_FAMILY = "1,2";
			};
			name = Debug;
		};
		1C3D04A52331C675004E613B /* Release */ = {
			isa = XCBuildConfiguration;
			buildSettings = {
				ASSETCATALOG_COMPILER_APPICON_NAME = AppIcon;
				CODE_SIGN_STYLE = Automatic;
				DEVELOPMENT_TEAM = 6F59W2YVJC;
				INFOPLIST_FILE = Paint/Info.plist;
				LD_RUNPATH_SEARCH_PATHS = (
					"$(inherited)",
					"@executable_path/Frameworks",
				);
				PRODUCT_BUNDLE_IDENTIFIER = dev.juliobarrera.Paint;
				PRODUCT_NAME = "$(TARGET_NAME)";
				SWIFT_VERSION = 4.2;
				TARGETED_DEVICE_FAMILY = "1,2";
			};
			name = Release;
		};
/* End XCBuildConfiguration section */

/* Begin XCConfigurationList section */
		1C3D048C2331C673004E613B /* Build configuration list for PBXProject "Paint" */ = {
			isa = XCConfigurationList;
			buildConfigurations = (
				1C3D04A12331C675004E613B /* Debug */,
				1C3D04A22331C675004E613B /* Release */,
			);
			defaultConfigurationIsVisible = 0;
			defaultConfigurationName = Release;
		};
		1C3D04A32331C675004E613B /* Build configuration list for PBXNativeTarget "Paint" */ = {
			isa = XCConfigurationList;
			buildConfigurations = (
				1C3D04A42331C675004E613B /* Debug */,
				1C3D04A52331C675004E613B /* Release */,
			);
			defaultConfigurationIsVisible = 0;
			defaultConfigurationName = Release;
		};
/* End XCConfigurationList section */
	};
	rootObject = 1C3D04892331C673004E613B /* Project object */;
}
